
Microsoft Visual Studio Solution File, Format Version 12.00
# Visual Studio Version 16
VisualStudioVersion = 16.0.31402.337
MinimumVisualStudioVersion = 10.0.40219.1
Project("{FAE04EC0-301F-11D3-BF4B-00C04F79EFBC}") = "WebRazor", "WebRazor\WebRazor.csproj", "{15958620-7203-4795-8451-3B07C1041BE5}"
EndProject
Global
	GlobalSection(SolutionConfigurationPlatforms) = preSolution
		Debug|Any CPU = Debug|Any CPU
		Release|Any CPU = Release|Any CPU
	EndGlobalSection
	GlobalSection(ProjectConfigurationPlatforms) = postSolution
		{15958620-7203-4795-8451-3B07C1041BE5}.Debug|Any CPU.ActiveCfg = Debug|Any CPU
		{15958620-7203-4795-8451-3B07C1041BE5}.Debug|Any CPU.Build.0 = Debug|Any CPU
		{15958620-7203-4795-8451-3B07C1041BE5}.Release|Any CPU.ActiveCfg = Release|Any CPU
		{15958620-7203-4795-8451-3B07C1041BE5}.Release|Any CPU.Build.0 = Release|Any CPU
	EndGlobalSection
	GlobalSection(SolutionProperties) = preSolution
		HideSolutionNode = FALSE
	EndGlobalSection
	GlobalSection(ExtensibilityGlobals) = postSolution
		SolutionGuid = {80DFAE4E-5562-4BFD-96D7-C2E951D0BF39}
	EndGlobalSection
EndGlobal
